// !$*UTF8*$!
{
	archiveVersion = 1;
	classes = {
	};
	objectVersion = 48;
	objects = {

/* Begin PBXBuildFile section */
		A83B4E2D1FF3A1CF00F7CACD /* CStructDecodable.swift in Sources */ = {isa = PBXBuildFile; fileRef = A83B4E2C1FF3A1CF00F7CACD /* CStructDecodable.swift */; };
		A83B4E2F1FF3A24200F7CACD /* CStructDecodeError.swift in Sources */ = {isa = PBXBuildFile; fileRef = A83B4E2E1FF3A24200F7CACD /* CStructDecodeError.swift */; };
		A83B4E311FF3A25800F7CACD /* Initable.swift in Sources */ = {isa = PBXBuildFile; fileRef = A83B4E301FF3A25800F7CACD /* Initable.swift */; };
		A83B4E331FF3AA8900F7CACD /* UInt+Initable.swift in Sources */ = {isa = PBXBuildFile; fileRef = A83B4E321FF3AA8900F7CACD /* UInt+Initable.swift */; };
		A83B4E491FF4987A00F7CACD /* CStructDecodeableTests.swift in Sources */ = {isa = PBXBuildFile; fileRef = A83B4E481FF4987A00F7CACD /* CStructDecodeableTests.swift */; };
/* End PBXBuildFile section */

/* Begin PBXFileReference section */
		A83B4E231FF3A1BD00F7CACD /* CStructDecodable.framework */ = {isa = PBXFileReference; explicitFileType = wrapper.framework; includeInIndex = 0; path = CStructDecodable.framework; sourceTree = BUILT_PRODUCTS_DIR; };
		A83B4E251FF3A1BD00F7CACD /* CStructDecodable.h */ = {isa = PBXFileReference; lastKnownFileType = sourcecode.c.h; path = CStructDecodable.h; sourceTree = "<group>"; };
		A83B4E261FF3A1BD00F7CACD /* Info.plist */ = {isa = PBXFileReference; lastKnownFileType = text.plist.xml; path = Info.plist; sourceTree = "<group>"; };
		A83B4E2C1FF3A1CF00F7CACD /* CStructDecodable.swift */ = {isa = PBXFileReference; lastKnownFileType = sourcecode.swift; path = CStructDecodable.swift; sourceTree = "<group>"; };
		A83B4E2E1FF3A24200F7CACD /* CStructDecodeError.swift */ = {isa = PBXFileReference; lastKnownFileType = sourcecode.swift; path = CStructDecodeError.swift; sourceTree = "<group>"; };
		A83B4E301FF3A25800F7CACD /* Initable.swift */ = {isa = PBXFileReference; lastKnownFileType = sourcecode.swift; path = Initable.swift; sourceTree = "<group>"; };
		A83B4E321FF3AA8900F7CACD /* UInt+Initable.swift */ = {isa = PBXFileReference; lastKnownFileType = sourcecode.swift; path = "UInt+Initable.swift"; sourceTree = "<group>"; };
		A83B4E461FF4987A00F7CACD /* CStructDecodeableTests.xctest */ = {isa = PBXFileReference; explicitFileType = wrapper.cfbundle; includeInIndex = 0; path = CStructDecodeableTests.xctest; sourceTree = BUILT_PRODUCTS_DIR; };
		A83B4E481FF4987A00F7CACD /* CStructDecodeableTests.swift */ = {isa = PBXFileReference; lastKnownFileType = sourcecode.swift; path = CStructDecodeableTests.swift; sourceTree = "<group>"; };
		A83B4E4A1FF4987A00F7CACD /* Info.plist */ = {isa = PBXFileReference; lastKnownFileType = text.plist.xml; path = Info.plist; sourceTree = "<group>"; };
/* End PBXFileReference section */

/* Begin PBXFrameworksBuildPhase section */
		A83B4E1F1FF3A1BD00F7CACD /* Frameworks */ = {
			isa = PBXFrameworksBuildPhase;
			buildActionMask = 2147483647;
			files = (
			);
			runOnlyForDeploymentPostprocessing = 0;
		};
		A83B4E431FF4987A00F7CACD /* Frameworks */ = {
			isa = PBXFrameworksBuildPhase;
			buildActionMask = 2147483647;
			files = (
			);
			runOnlyForDeploymentPostprocessing = 0;
		};
/* End PBXFrameworksBuildPhase section */

/* Begin PBXGroup section */
		A83B4E001FF3A1A400F7CACD = {
			isa = PBXGroup;
			children = (
				A83B4E241FF3A1BD00F7CACD /* CStructDecodable */,
				A83B4E471FF4987A00F7CACD /* CStructDecodeableTests */,
				A83B4E0A1FF3A1A400F7CACD /* Products */,
			);
			sourceTree = "<group>";
		};
		A83B4E0A1FF3A1A400F7CACD /* Products */ = {
			isa = PBXGroup;
			children = (
				A83B4E231FF3A1BD00F7CACD /* CStructDecodable.framework */,
				A83B4E461FF4987A00F7CACD /* CStructDecodeableTests.xctest */,
			);
			name = Products;
			sourceTree = "<group>";
		};
		A83B4E241FF3A1BD00F7CACD /* CStructDecodable */ = {
			isa = PBXGroup;
			children = (
				A83B4E2B1FF3A1CA00F7CACD /* Lib */,
				A83B4E251FF3A1BD00F7CACD /* CStructDecodable.h */,
				A83B4E261FF3A1BD00F7CACD /* Info.plist */,
			);
			path = CStructDecodable;
			sourceTree = "<group>";
		};
		A83B4E2B1FF3A1CA00F7CACD /* Lib */ = {
			isa = PBXGroup;
			children = (
				A83B4E2C1FF3A1CF00F7CACD /* CStructDecodable.swift */,
				A83B4E2E1FF3A24200F7CACD /* CStructDecodeError.swift */,
				A83B4E301FF3A25800F7CACD /* Initable.swift */,
				A83B4E321FF3AA8900F7CACD /* UInt+Initable.swift */,
			);
			path = Lib;
			sourceTree = "<group>";
		};
		A83B4E471FF4987A00F7CACD /* CStructDecodeableTests */ = {
			isa = PBXGroup;
			children = (
				A83B4E481FF4987A00F7CACD /* CStructDecodeableTests.swift */,
				A83B4E4A1FF4987A00F7CACD /* Info.plist */,
			);
			path = CStructDecodeableTests;
			sourceTree = "<group>";
		};
/* End PBXGroup section */

/* Begin PBXHeadersBuildPhase section */
		A83B4E201FF3A1BD00F7CACD /* Headers */ = {
			isa = PBXHeadersBuildPhase;
			buildActionMask = 2147483647;
			files = (
			);
			runOnlyForDeploymentPostprocessing = 0;
		};
/* End PBXHeadersBuildPhase section */

/* Begin PBXNativeTarget section */
		A83B4E221FF3A1BD00F7CACD /* CStructDecodable */ = {
			isa = PBXNativeTarget;
			buildConfigurationList = A83B4E281FF3A1BD00F7CACD /* Build configuration list for PBXNativeTarget "CStructDecodable" */;
			buildPhases = (
				A83B4E1E1FF3A1BD00F7CACD /* Sources */,
				A83B4E1F1FF3A1BD00F7CACD /* Frameworks */,
				A83B4E201FF3A1BD00F7CACD /* Headers */,
				A83B4E211FF3A1BD00F7CACD /* Resources */,
			);
			buildRules = (
			);
			dependencies = (
			);
			name = CStructDecodable;
			productName = CStructDecodable;
			productReference = A83B4E231FF3A1BD00F7CACD /* CStructDecodable.framework */;
			productType = "com.apple.product-type.framework";
		};
		A83B4E451FF4987A00F7CACD /* CStructDecodeableTests */ = {
			isa = PBXNativeTarget;
			buildConfigurationList = A83B4E4B1FF4987A00F7CACD /* Build configuration list for PBXNativeTarget "CStructDecodeableTests" */;
			buildPhases = (
				A83B4E421FF4987A00F7CACD /* Sources */,
				A83B4E431FF4987A00F7CACD /* Frameworks */,
				A83B4E441FF4987A00F7CACD /* Resources */,
			);
			buildRules = (
			);
			dependencies = (
			);
			name = CStructDecodeableTests;
			productName = CStructDecodeableTests;
			productReference = A83B4E461FF4987A00F7CACD /* CStructDecodeableTests.xctest */;
			productType = "com.apple.product-type.bundle.unit-test";
		};
/* End PBXNativeTarget section */

/* Begin PBXProject section */
		A83B4E011FF3A1A400F7CACD /* Project object */ = {
			isa = PBXProject;
			attributes = {
				LastSwiftUpdateCheck = 0920;
				LastUpgradeCheck = 0920;
				ORGANIZATIONNAME = Yume;
				TargetAttributes = {
					A83B4E221FF3A1BD00F7CACD = {
						CreatedOnToolsVersion = 9.2;
						LastSwiftMigration = 0920;
						ProvisioningStyle = Automatic;
					};
					A83B4E451FF4987A00F7CACD = {
						CreatedOnToolsVersion = 9.2;
						ProvisioningStyle = Automatic;
					};
				};
			};
			buildConfigurationList = A83B4E041FF3A1A400F7CACD /* Build configuration list for PBXProject "CStructDecodable" */;
			compatibilityVersion = "Xcode 8.0";
			developmentRegion = en;
			hasScannedForEncodings = 0;
			knownRegions = (
				en,
				Base,
			);
			mainGroup = A83B4E001FF3A1A400F7CACD;
			productRefGroup = A83B4E0A1FF3A1A400F7CACD /* Products */;
			projectDirPath = "";
			projectRoot = "";
			targets = (
				A83B4E221FF3A1BD00F7CACD /* CStructDecodable */,
				A83B4E451FF4987A00F7CACD /* CStructDecodeableTests */,
			);
		};
/* End PBXProject section */

/* Begin PBXResourcesBuildPhase section */
		A83B4E211FF3A1BD00F7CACD /* Resources */ = {
			isa = PBXResourcesBuildPhase;
			buildActionMask = 2147483647;
			files = (
			);
			runOnlyForDeploymentPostprocessing = 0;
		};
		A83B4E441FF4987A00F7CACD /* Resources */ = {
			isa = PBXResourcesBuildPhase;
			buildActionMask = 2147483647;
			files = (
			);
			runOnlyForDeploymentPostprocessing = 0;
		};
/* End PBXResourcesBuildPhase section */

/* Begin PBXSourcesBuildPhase section */
		A83B4E1E1FF3A1BD00F7CACD /* Sources */ = {
			isa = PBXSourcesBuildPhase;
			buildActionMask = 2147483647;
			files = (
				A83B4E311FF3A25800F7CACD /* Initable.swift in Sources */,
				A83B4E331FF3AA8900F7CACD /* UInt+Initable.swift in Sources */,
				A83B4E2D1FF3A1CF00F7CACD /* CStructDecodable.swift in Sources */,
				A83B4E2F1FF3A24200F7CACD /* CStructDecodeError.swift in Sources */,
			);
			runOnlyForDeploymentPostprocessing = 0;
		};
		A83B4E421FF4987A00F7CACD /* Sources */ = {
			isa = PBXSourcesBuildPhase;
			buildActionMask = 2147483647;
			files = (
				A83B4E491FF4987A00F7CACD /* CStructDecodeableTests.swift in Sources */,
			);
			runOnlyForDeploymentPostprocessing = 0;
		};
/* End PBXSourcesBuildPhase section */

/* Begin XCBuildConfiguration section */
		A83B4E191FF3A1A400F7CACD /* Debug */ = {
			isa = XCBuildConfiguration;
			buildSettings = {
				ALWAYS_SEARCH_USER_PATHS = NO;
				CLANG_ANALYZER_NONNULL = YES;
				CLANG_ANALYZER_NUMBER_OBJECT_CONVERSION = YES_AGGRESSIVE;
				CLANG_CXX_LANGUAGE_STANDARD = "gnu++14";
				CLANG_CXX_LIBRARY = "libc++";
				CLANG_ENABLE_MODULES = YES;
				CLANG_ENABLE_OBJC_ARC = YES;
				CLANG_WARN_BLOCK_CAPTURE_AUTORELEASING = YES;
				CLANG_WARN_BOOL_CONVERSION = YES;
				CLANG_WARN_COMMA = YES;
				CLANG_WARN_CONSTANT_CONVERSION = YES;
				CLANG_WARN_DIRECT_OBJC_ISA_USAGE = YES_ERROR;
				CLANG_WARN_DOCUMENTATION_COMMENTS = YES;
				CLANG_WARN_EMPTY_BODY = YES;
				CLANG_WARN_ENUM_CONVERSION = YES;
				CLANG_WARN_INFINITE_RECURSION = YES;
				CLANG_WARN_INT_CONVERSION = YES;
				CLANG_WARN_NON_LITERAL_NULL_CONVERSION = YES;
				CLANG_WARN_OBJC_LITERAL_CONVERSION = YES;
				CLANG_WARN_OBJC_ROOT_CLASS = YES_ERROR;
				CLANG_WARN_RANGE_LOOP_ANALYSIS = YES;
				CLANG_WARN_STRICT_PROTOTYPES = YES;
				CLANG_WARN_SUSPICIOUS_MOVE = YES;
				CLANG_WARN_UNGUARDED_AVAILABILITY = YES_AGGRESSIVE;
				CLANG_WARN_UNREACHABLE_CODE = YES;
				CLANG_WARN__DUPLICATE_METHOD_MATCH = YES;
				CODE_SIGN_IDENTITY = "iPhone Developer";
				COPY_PHASE_STRIP = NO;
				DEBUG_INFORMATION_FORMAT = dwarf;
				ENABLE_STRICT_OBJC_MSGSEND = YES;
				ENABLE_TESTABILITY = YES;
				GCC_C_LANGUAGE_STANDARD = gnu11;
				GCC_DYNAMIC_NO_PIC = NO;
				GCC_NO_COMMON_BLOCKS = YES;
				GCC_OPTIMIZATION_LEVEL = 0;
				GCC_PREPROCESSOR_DEFINITIONS = (
					"DEBUG=1",
					"$(inherited)",
				);
				GCC_WARN_64_TO_32_BIT_CONVERSION = YES;
				GCC_WARN_ABOUT_RETURN_TYPE = YES_ERROR;
				GCC_WARN_UNDECLARED_SELECTOR = YES;
				GCC_WARN_UNINITIALIZED_AUTOS = YES_AGGRESSIVE;
				GCC_WARN_UNUSED_FUNCTION = YES;
				GCC_WARN_UNUSED_VARIABLE = YES;
				IPHONEOS_DEPLOYMENT_TARGET = 11.2;
				MTL_ENABLE_DEBUG_INFO = YES;
				ONLY_ACTIVE_ARCH = YES;
				SDKROOT = iphoneos;
				SWIFT_ACTIVE_COMPILATION_CONDITIONS = DEBUG;
				SWIFT_OPTIMIZATION_LEVEL = "-Onone";
			};
			name = Debug;
		};
		A83B4E1A1FF3A1A400F7CACD /* Release */ = {
			isa = XCBuildConfiguration;
			buildSettings = {
				ALWAYS_SEARCH_USER_PATHS = NO;
				CLANG_ANALYZER_NONNULL = YES;
				CLANG_ANALYZER_NUMBER_OBJECT_CONVERSION = YES_AGGRESSIVE;
				CLANG_CXX_LANGUAGE_STANDARD = "gnu++14";
				CLANG_CXX_LIBRARY = "libc++";
				CLANG_ENABLE_MODULES = YES;
				CLANG_ENABLE_OBJC_ARC = YES;
				CLANG_WARN_BLOCK_CAPTURE_AUTORELEASING = YES;
				CLANG_WARN_BOOL_CONVERSION = YES;
				CLANG_WARN_COMMA = YES;
				CLANG_WARN_CONSTANT_CONVERSION = YES;
				CLANG_WARN_DIRECT_OBJC_ISA_USAGE = YES_ERROR;
				CLANG_WARN_DOCUMENTATION_COMMENTS = YES;
				CLANG_WARN_EMPTY_BODY = YES;
				CLANG_WARN_ENUM_CONVERSION = YES;
				CLANG_WARN_INFINITE_RECURSION = YES;
				CLANG_WARN_INT_CONVERSION = YES;
				CLANG_WARN_NON_LITERAL_NULL_CONVERSION = YES;
				CLANG_WARN_OBJC_LITERAL_CONVERSION = YES;
				CLANG_WARN_OBJC_ROOT_CLASS = YES_ERROR;
				CLANG_WARN_RANGE_LOOP_ANALYSIS = YES;
				CLANG_WARN_STRICT_PROTOTYPES = YES;
				CLANG_WARN_SUSPICIOUS_MOVE = YES;
				CLANG_WARN_UNGUARDED_AVAILABILITY = YES_AGGRESSIVE;
				CLANG_WARN_UNREACHABLE_CODE = YES;
				CLANG_WARN__DUPLICATE_METHOD_MATCH = YES;
				CODE_SIGN_IDENTITY = "iPhone Developer";
				COPY_PHASE_STRIP = NO;
				DEBUG_INFORMATION_FORMAT = "dwarf-with-dsym";
				ENABLE_NS_ASSERTIONS = NO;
				ENABLE_STRICT_OBJC_MSGSEND = YES;
				GCC_C_LANGUAGE_STANDARD = gnu11;
				GCC_NO_COMMON_BLOCKS = YES;
				GCC_WARN_64_TO_32_BIT_CONVERSION = YES;
				GCC_WARN_ABOUT_RETURN_TYPE = YES_ERROR;
				GCC_WARN_UNDECLARED_SELECTOR = YES;
				GCC_WARN_UNINITIALIZED_AUTOS = YES_AGGRESSIVE;
				GCC_WARN_UNUSED_FUNCTION = YES;
				GCC_WARN_UNUSED_VARIABLE = YES;
				IPHONEOS_DEPLOYMENT_TARGET = 11.2;
				MTL_ENABLE_DEBUG_INFO = NO;
				SDKROOT = iphoneos;
				SWIFT_OPTIMIZATION_LEVEL = "-Owholemodule";
				VALIDATE_PRODUCT = YES;
			};
			name = Release;
		};
		A83B4E291FF3A1BD00F7CACD /* Debug */ = {
			isa = XCBuildConfiguration;
			buildSettings = {
				CLANG_ENABLE_MODULES = YES;
				CODE_SIGN_IDENTITY = "";
				"CODE_SIGN_IDENTITY[sdk=iphoneos*]" = "iPhone Developer";
				CODE_SIGN_STYLE = Automatic;
				CURRENT_PROJECT_VERSION = 1;
				DEFINES_MODULE = YES;
				DEVELOPMENT_TEAM = "";
				DYLIB_COMPATIBILITY_VERSION = 1;
				DYLIB_CURRENT_VERSION = 1;
				DYLIB_INSTALL_NAME_BASE = "@rpath";
				INFOPLIST_FILE = CStructDecodable/Info.plist;
				INSTALL_PATH = "$(LOCAL_LIBRARY_DIR)/Frameworks";
				IPHONEOS_DEPLOYMENT_TARGET = 8.0;
				LD_RUNPATH_SEARCH_PATHS = "$(inherited) @executable_path/Frameworks @loader_path/Frameworks";
				MACOSX_DEPLOYMENT_TARGET = 10.9;
				PRODUCT_BUNDLE_IDENTIFIER = com.yume190.CStructDecodable;
				PRODUCT_NAME = "$(TARGET_NAME:c99extidentifier)";
				PROVISIONING_PROFILE_SPECIFIER = "";
				SKIP_INSTALL = YES;
				SUPPORTED_PLATFORMS = "iphonesimulator iphoneos macosx";
				SWIFT_OPTIMIZATION_LEVEL = "-Onone";
				SWIFT_VERSION = 4.0;
				TARGETED_DEVICE_FAMILY = "1,2";
				VALID_ARCHS = "arm64 armv7 armv7s i386 x86_64";
				VERSIONING_SYSTEM = "apple-generic";
				VERSION_INFO_PREFIX = "";
			};
			name = Debug;
		};
		A83B4E2A1FF3A1BD00F7CACD /* Release */ = {
			isa = XCBuildConfiguration;
			buildSettings = {
				CLANG_ENABLE_MODULES = YES;
				CODE_SIGN_IDENTITY = "";
				"CODE_SIGN_IDENTITY[sdk=iphoneos*]" = "iPhone Developer";
				CODE_SIGN_STYLE = Automatic;
				CURRENT_PROJECT_VERSION = 1;
				DEFINES_MODULE = YES;
				DEVELOPMENT_TEAM = "";
				DYLIB_COMPATIBILITY_VERSION = 1;
				DYLIB_CURRENT_VERSION = 1;
				DYLIB_INSTALL_NAME_BASE = "@rpath";
				INFOPLIST_FILE = CStructDecodable/Info.plist;
				INSTALL_PATH = "$(LOCAL_LIBRARY_DIR)/Frameworks";
				IPHONEOS_DEPLOYMENT_TARGET = 8.0;
				LD_RUNPATH_SEARCH_PATHS = "$(inherited) @executable_path/Frameworks @loader_path/Frameworks";
				MACOSX_DEPLOYMENT_TARGET = 10.9;
				PRODUCT_BUNDLE_IDENTIFIER = com.yume190.CStructDecodable;
				PRODUCT_NAME = "$(TARGET_NAME:c99extidentifier)";
				PROVISIONING_PROFILE_SPECIFIER = "";
				SKIP_INSTALL = YES;
				SUPPORTED_PLATFORMS = "iphonesimulator iphoneos macosx";
				SWIFT_VERSION = 4.0;
				TARGETED_DEVICE_FAMILY = "1,2";
				VALID_ARCHS = "arm64 armv7 armv7s i386 x86_64";
				VERSIONING_SYSTEM = "apple-generic";
				VERSION_INFO_PREFIX = "";
			};
			name = Release;
		};
		A83B4E4C1FF4987A00F7CACD /* Debug */ = {
			isa = XCBuildConfiguration;
			buildSettings = {
				CODE_SIGN_IDENTITY = "-";
				CODE_SIGN_STYLE = Automatic;
				COMBINE_HIDPI_IMAGES = YES;
				INFOPLIST_FILE = CStructDecodeableTests/Info.plist;
				LD_RUNPATH_SEARCH_PATHS = "$(inherited) @executable_path/../Frameworks @loader_path/../Frameworks";
				MACOSX_DEPLOYMENT_TARGET = 10.13;
				PRODUCT_BUNDLE_IDENTIFIER = com.yume190..CStructDecodeableTests;
				PRODUCT_NAME = "$(TARGET_NAME)";
				SDKROOT = macosx;
				SWIFT_VERSION = 4.0;
			};
			name = Debug;
		};
		A83B4E4D1FF4987A00F7CACD /* Release */ = {
			isa = XCBuildConfiguration;
			buildSettings = {
				CODE_SIGN_IDENTITY = "-";
				CODE_SIGN_STYLE = Automatic;
				COMBINE_HIDPI_IMAGES = YES;
				INFOPLIST_FILE = CStructDecodeableTests/Info.plist;
				LD_RUNPATH_SEARCH_PATHS = "$(inherited) @executable_path/../Frameworks @loader_path/../Frameworks";
				MACOSX_DEPLOYMENT_TARGET = 10.13;
				PRODUCT_BUNDLE_IDENTIFIER = com.yume190..CStructDecodeableTests;
				PRODUCT_NAME = "$(TARGET_NAME)";
				SDKROOT = macosx;
				SWIFT_VERSION = 4.0;
			};
			name = Release;
		};
/* End XCBuildConfiguration section */

/* Begin XCConfigurationList section */
		A83B4E041FF3A1A400F7CACD /* Build configuration list for PBXProject "CStructDecodable" */ = {
			isa = XCConfigurationList;
			buildConfigurations = (
				A83B4E191FF3A1A400F7CACD /* Debug */,
				A83B4E1A1FF3A1A400F7CACD /* Release */,
			);
			defaultConfigurationIsVisible = 0;
			defaultConfigurationName = Release;
		};
		A83B4E281FF3A1BD00F7CACD /* Build configuration list for PBXNativeTarget "CStructDecodable" */ = {
			isa = XCConfigurationList;
			buildConfigurations = (
				A83B4E291FF3A1BD00F7CACD /* Debug */,
				A83B4E2A1FF3A1BD00F7CACD /* Release */,
			);
			defaultConfigurationIsVisible = 0;
			defaultConfigurationName = Release;
		};
		A83B4E4B1FF4987A00F7CACD /* Build configuration list for PBXNativeTarget "CStructDecodeableTests" */ = {
			isa = XCConfigurationList;
			buildConfigurations = (
				A83B4E4C1FF4987A00F7CACD /* Debug */,
				A83B4E4D1FF4987A00F7CACD /* Release */,
			);
			defaultConfigurationIsVisible = 0;
			defaultConfigurationName = Release;
		};
/* End XCConfigurationList section */
	};
	rootObject = A83B4E011FF3A1A400F7CACD /* Project object */;
}
